
Microsoft Visual Studio Solution File, Format Version 10.00
# Visual Studio 2008
Project("{FAE04EC0-301F-11D3-BF4B-00C04F79EFBC}") = "WebFormsApp", "WebFormsApp.csproj", "{0D523823-AFF0-4234-99A3-F258AC52F39D}"
EndProject
Global
	GlobalSection(SolutionConfigurationPlatforms) = preSolution
		Debug|Any CPU = Debug|Any CPU
		Release|Any CPU = Release|Any CPU
	EndGlobalSection
	GlobalSection(ProjectConfigurationPlatforms) = postSolution
		{0D523823-AFF0-4234-99A3-F258AC52F39D}.Debug|Any CPU.ActiveCfg = Debug|Any CPU
		{0D523823-AFF0-4234-99A3-F258AC52F39D}.Debug|Any CPU.Build.0 = Debug|Any CPU
		{0D523823-AFF0-4234-99A3-F258AC52F39D}.Release|Any CPU.ActiveCfg = Release|Any CPU
		{0D523823-AFF0-4234-99A3-F258AC52F39D}.Release|Any CPU.Build.0 = Release|Any CPU
	EndGlobalSection
	GlobalSection(SolutionProperties) = preSolution
		HideSolutionNode = FALSE
	EndGlobalSection
EndGlobal
