
Microsoft Visual Studio Solution File, Format Version 12.00
# Visual Studio 14
VisualStudioVersion = 14.0.25420.1
MinimumVisualStudioVersion = 10.0.40219.1
Project("{00D1A9C2-B5F0-4AF3-8072-F6C62B433612}") = "NerdDinner.Database", "NerdDinner.Database\NerdDinner.Database.sqlproj", "{453B73C9-0497-4B60-9B2D-9791E044587E}"
EndProject
Global
	GlobalSection(SolutionConfigurationPlatforms) = preSolution
		Debug|Any CPU = Debug|Any CPU
		Release|Any CPU = Release|Any CPU
	EndGlobalSection
	GlobalSection(ProjectConfigurationPlatforms) = postSolution
		{453B73C9-0497-4B60-9B2D-9791E044587E}.Debug|Any CPU.ActiveCfg = Debug|Any CPU
		{453B73C9-0497-4B60-9B2D-9791E044587E}.Debug|Any CPU.Build.0 = Debug|Any CPU
		{453B73C9-0497-4B60-9B2D-9791E044587E}.Debug|Any CPU.Deploy.0 = Debug|Any CPU
		{453B73C9-0497-4B60-9B2D-9791E044587E}.Release|Any CPU.ActiveCfg = Release|Any CPU
		{453B73C9-0497-4B60-9B2D-9791E044587E}.Release|Any CPU.Build.0 = Release|Any CPU
		{453B73C9-0497-4B60-9B2D-9791E044587E}.Release|Any CPU.Deploy.0 = Release|Any CPU
	EndGlobalSection
	GlobalSection(SolutionProperties) = preSolution
		HideSolutionNode = FALSE
	EndGlobalSection
EndGlobal
